
Microsoft Visual Studio Solution File, Format Version 12.00
# Visual Studio Version 16
VisualStudioVersion = 16.0.30517.126
MinimumVisualStudioVersion = 10.0.40219.1
Project("{FAE04EC0-301F-11D3-BF4B-00C04F79EFBC}") = "AudioDemo", "AudioDemo\AudioDemo.csproj", "{3BAC1058-DFDB-40A6-BF50-16CA81A3399D}"
EndProject
Global
	GlobalSection(SolutionConfigurationPlatforms) = preSolution
		Debug|Any CPU = Debug|Any CPU
		Release|Any CPU = Release|Any CPU
	EndGlobalSection
	GlobalSection(ProjectConfigurationPlatforms) = postSolution
		{3BAC1058-DFDB-40A6-BF50-16CA81A3399D}.Debug|Any CPU.ActiveCfg = Debug|Any CPU
		{3BAC1058-DFDB-40A6-BF50-16CA81A3399D}.Debug|Any CPU.Build.0 = Debug|Any CPU
		{3BAC1058-DFDB-40A6-BF50-16CA81A3399D}.Release|Any CPU.ActiveCfg = Release|Any CPU
		{3BAC1058-DFDB-40A6-BF50-16CA81A3399D}.Release|Any CPU.Build.0 = Release|Any CPU
	EndGlobalSection
	GlobalSection(SolutionProperties) = preSolution
		HideSolutionNode = FALSE
	EndGlobalSection
	GlobalSection(ExtensibilityGlobals) = postSolution
		SolutionGuid = {FFCBCED0-10B9-40AD-9AC5-EB998D1DE8A0}
	EndGlobalSection
EndGlobal
